// !$*UTF8*$!
{
	archiveVersion = 1;
	classes = {
	};
	objectVersion = 54;
	objects = {

/* Begin PBXBuildFile section */
		912E973F250DE79400C45DDB /* PageView.swift in Sources */ = {isa = PBXBuildFile; fileRef = 912E973E250DE79400C45DDB /* PageView.swift */; };
		912E9745250DE90700C45DDB /* DataEntry+CoreDataClass.swift in Sources */ = {isa = PBXBuildFile; fileRef = 912E9741250DE90700C45DDB /* DataEntry+CoreDataClass.swift */; };
		912E9746250DE90700C45DDB /* DataEntry+CoreDataProperties.swift in Sources */ = {isa = PBXBuildFile; fileRef = 912E9742250DE90700C45DDB /* DataEntry+CoreDataProperties.swift */; };
		912E974F250DEA9900C45DDB /* LogsTests.swift in Sources */ = {isa = PBXBuildFile; fileRef = 912E974E250DEA9900C45DDB /* LogsTests.swift */; };
		912E9758250E130000C45DDB /* Page+CoreDataClass.swift in Sources */ = {isa = PBXBuildFile; fileRef = 912E9756250E130000C45DDB /* Page+CoreDataClass.swift */; };
		912E9759250E130000C45DDB /* Page+CoreDataProperties.swift in Sources */ = {isa = PBXBuildFile; fileRef = 912E9757250E130000C45DDB /* Page+CoreDataProperties.swift */; };
		917A3CB9250CB09C00B5A26B /* Logs.xcdatamodeld in Sources */ = {isa = PBXBuildFile; fileRef = 917A3CB7250CB09C00B5A26B /* Logs.xcdatamodeld */; };
		917A3CCB250CD3AC00B5A26B /* BookView.swift in Sources */ = {isa = PBXBuildFile; fileRef = 917A3CCA250CD3AC00B5A26B /* BookView.swift */; };
		917C1CFA2504CE840010C607 /* FloatingActionButton.swift in Sources */ = {isa = PBXBuildFile; fileRef = 917C1CF92504CE840010C607 /* FloatingActionButton.swift */; };
		917C1D022504E0B50010C607 /* AddEntryView.swift in Sources */ = {isa = PBXBuildFile; fileRef = 917C1D012504E0B50010C607 /* AddEntryView.swift */; };
		919F6676250CACAB00C7ECDA /* .swiftlint.yml in Resources */ = {isa = PBXBuildFile; fileRef = 919F6675250CACAB00C7ECDA /* .swiftlint.yml */; };
		91C1FC2D245DC3A600D54CC1 /* AppDelegate.swift in Sources */ = {isa = PBXBuildFile; fileRef = 91C1FC2C245DC3A600D54CC1 /* AppDelegate.swift */; };
		91C1FC2F245DC3A600D54CC1 /* SceneDelegate.swift in Sources */ = {isa = PBXBuildFile; fileRef = 91C1FC2E245DC3A600D54CC1 /* SceneDelegate.swift */; };
		91C1FC36245DC3A800D54CC1 /* Assets.xcassets in Resources */ = {isa = PBXBuildFile; fileRef = 91C1FC35245DC3A800D54CC1 /* Assets.xcassets */; };
		91C1FC39245DC3A800D54CC1 /* LaunchScreen.storyboard in Resources */ = {isa = PBXBuildFile; fileRef = 91C1FC37245DC3A800D54CC1 /* LaunchScreen.storyboard */; };
/* End PBXBuildFile section */

/* Begin PBXContainerItemProxy section */
		912E9751250DEA9900C45DDB /* PBXContainerItemProxy */ = {
			isa = PBXContainerItemProxy;
			containerPortal = 91C1FC21245DC3A600D54CC1 /* Project object */;
			proxyType = 1;
			remoteGlobalIDString = 91C1FC28245DC3A600D54CC1;
			remoteInfo = Logs;
		};
/* End PBXContainerItemProxy section */

/* Begin PBXFileReference section */
		912E973E250DE79400C45DDB /* PageView.swift */ = {isa = PBXFileReference; fileEncoding = 4; lastKnownFileType = sourcecode.swift; path = PageView.swift; sourceTree = "<group>"; };
		912E9741250DE90700C45DDB /* DataEntry+CoreDataClass.swift */ = {isa = PBXFileReference; fileEncoding = 4; lastKnownFileType = sourcecode.swift; path = "DataEntry+CoreDataClass.swift"; sourceTree = "<group>"; };
		912E9742250DE90700C45DDB /* DataEntry+CoreDataProperties.swift */ = {isa = PBXFileReference; fileEncoding = 4; lastKnownFileType = sourcecode.swift; path = "DataEntry+CoreDataProperties.swift"; sourceTree = "<group>"; };
		912E974C250DEA9900C45DDB /* LogsTests.xctest */ = {isa = PBXFileReference; explicitFileType = wrapper.cfbundle; includeInIndex = 0; path = LogsTests.xctest; sourceTree = BUILT_PRODUCTS_DIR; };
		912E974E250DEA9900C45DDB /* LogsTests.swift */ = {isa = PBXFileReference; lastKnownFileType = sourcecode.swift; path = LogsTests.swift; sourceTree = "<group>"; };
		912E9750250DEA9900C45DDB /* Info.plist */ = {isa = PBXFileReference; lastKnownFileType = text.plist.xml; path = Info.plist; sourceTree = "<group>"; };
		912E9756250E130000C45DDB /* Page+CoreDataClass.swift */ = {isa = PBXFileReference; lastKnownFileType = sourcecode.swift; path = "Page+CoreDataClass.swift"; sourceTree = SOURCE_ROOT; };
		912E9757250E130000C45DDB /* Page+CoreDataProperties.swift */ = {isa = PBXFileReference; lastKnownFileType = sourcecode.swift; path = "Page+CoreDataProperties.swift"; sourceTree = SOURCE_ROOT; };
		917A3CB8250CB09C00B5A26B /* Logs.xcdatamodel */ = {isa = PBXFileReference; lastKnownFileType = wrapper.xcdatamodel; path = Logs.xcdatamodel; sourceTree = "<group>"; };
		917A3CCA250CD3AC00B5A26B /* BookView.swift */ = {isa = PBXFileReference; lastKnownFileType = sourcecode.swift; path = BookView.swift; sourceTree = "<group>"; };
		917C1CF92504CE840010C607 /* FloatingActionButton.swift */ = {isa = PBXFileReference; lastKnownFileType = sourcecode.swift; path = FloatingActionButton.swift; sourceTree = "<group>"; };
		917C1D012504E0B50010C607 /* AddEntryView.swift */ = {isa = PBXFileReference; lastKnownFileType = sourcecode.swift; path = AddEntryView.swift; sourceTree = "<group>"; };
		919F6675250CACAB00C7ECDA /* .swiftlint.yml */ = {isa = PBXFileReference; lastKnownFileType = text.yaml; path = .swiftlint.yml; sourceTree = "<group>"; };
		91C1FC29245DC3A600D54CC1 /* Logs.app */ = {isa = PBXFileReference; explicitFileType = wrapper.application; includeInIndex = 0; path = Logs.app; sourceTree = BUILT_PRODUCTS_DIR; };
		91C1FC2C245DC3A600D54CC1 /* AppDelegate.swift */ = {isa = PBXFileReference; lastKnownFileType = sourcecode.swift; path = AppDelegate.swift; sourceTree = "<group>"; };
		91C1FC2E245DC3A600D54CC1 /* SceneDelegate.swift */ = {isa = PBXFileReference; lastKnownFileType = sourcecode.swift; path = SceneDelegate.swift; sourceTree = "<group>"; };
		91C1FC35245DC3A800D54CC1 /* Assets.xcassets */ = {isa = PBXFileReference; lastKnownFileType = folder.assetcatalog; path = Assets.xcassets; sourceTree = "<group>"; };
		91C1FC38245DC3A800D54CC1 /* Base */ = {isa = PBXFileReference; lastKnownFileType = file.storyboard; name = Base; path = Base.lproj/LaunchScreen.storyboard; sourceTree = "<group>"; };
		91C1FC3A245DC3A800D54CC1 /* Info.plist */ = {isa = PBXFileReference; lastKnownFileType = text.plist.xml; path = Info.plist; sourceTree = "<group>"; };
/* End PBXFileReference section */

/* Begin PBXFrameworksBuildPhase section */
		912E9749250DEA9900C45DDB /* Frameworks */ = {
			isa = PBXFrameworksBuildPhase;
			buildActionMask = 2147483647;
			files = (
			);
			runOnlyForDeploymentPostprocessing = 0;
		};
		91C1FC26245DC3A600D54CC1 /* Frameworks */ = {
			isa = PBXFrameworksBuildPhase;
			buildActionMask = 2147483647;
			files = (
			);
			runOnlyForDeploymentPostprocessing = 0;
		};
/* End PBXFrameworksBuildPhase section */

/* Begin PBXGroup section */
		912E974D250DEA9900C45DDB /* LogsTests */ = {
			isa = PBXGroup;
			children = (
				912E974E250DEA9900C45DDB /* LogsTests.swift */,
				912E9750250DEA9900C45DDB /* Info.plist */,
			);
			path = LogsTests;
			sourceTree = "<group>";
		};
		917A3CBA250CBF9500B5A26B /* Models */ = {
			isa = PBXGroup;
			children = (
				912E9756250E130000C45DDB /* Page+CoreDataClass.swift */,
				912E9757250E130000C45DDB /* Page+CoreDataProperties.swift */,
				912E9741250DE90700C45DDB /* DataEntry+CoreDataClass.swift */,
				912E9742250DE90700C45DDB /* DataEntry+CoreDataProperties.swift */,
				917A3CB7250CB09C00B5A26B /* Logs.xcdatamodeld */,
			);
			path = Models;
			sourceTree = "<group>";
		};
		917A3CBD250CC2E700B5A26B /* Environment */ = {
			isa = PBXGroup;
			children = (
			);
			path = Environment;
			sourceTree = "<group>";
		};
		917C1CF82504CE740010C607 /* Views */ = {
			isa = PBXGroup;
			children = (
				912E973E250DE79400C45DDB /* PageView.swift */,
				917C1CF92504CE840010C607 /* FloatingActionButton.swift */,
				917C1D012504E0B50010C607 /* AddEntryView.swift */,
				917A3CCA250CD3AC00B5A26B /* BookView.swift */,
			);
			path = Views;
			sourceTree = "<group>";
		};
		91C1FC20245DC3A600D54CC1 = {
			isa = PBXGroup;
			children = (
				919F6675250CACAB00C7ECDA /* .swiftlint.yml */,
				91C1FC2B245DC3A600D54CC1 /* Logs */,
				912E974D250DEA9900C45DDB /* LogsTests */,
				91C1FC2A245DC3A600D54CC1 /* Products */,
			);
			sourceTree = "<group>";
		};
		91C1FC2A245DC3A600D54CC1 /* Products */ = {
			isa = PBXGroup;
			children = (
				91C1FC29245DC3A600D54CC1 /* Logs.app */,
				912E974C250DEA9900C45DDB /* LogsTests.xctest */,
			);
			name = Products;
			sourceTree = "<group>";
		};
		91C1FC2B245DC3A600D54CC1 /* Logs */ = {
			isa = PBXGroup;
			children = (
				917A3CBD250CC2E700B5A26B /* Environment */,
				917A3CBA250CBF9500B5A26B /* Models */,
				917C1CF82504CE740010C607 /* Views */,
				91C1FC2C245DC3A600D54CC1 /* AppDelegate.swift */,
				91C1FC2E245DC3A600D54CC1 /* SceneDelegate.swift */,
				91C1FC35245DC3A800D54CC1 /* Assets.xcassets */,
				91C1FC37245DC3A800D54CC1 /* LaunchScreen.storyboard */,
				91C1FC3A245DC3A800D54CC1 /* Info.plist */,
			);
			path = Logs;
			sourceTree = "<group>";
		};
/* End PBXGroup section */

/* Begin PBXNativeTarget section */
		912E974B250DEA9900C45DDB /* LogsTests */ = {
			isa = PBXNativeTarget;
			buildConfigurationList = 912E9753250DEA9900C45DDB /* Build configuration list for PBXNativeTarget "LogsTests" */;
			buildPhases = (
				912E9748250DEA9900C45DDB /* Sources */,
				912E9749250DEA9900C45DDB /* Frameworks */,
				912E974A250DEA9900C45DDB /* Resources */,
			);
			buildRules = (
			);
			dependencies = (
				912E9752250DEA9900C45DDB /* PBXTargetDependency */,
			);
			name = LogsTests;
			productName = LogsTests;
			productReference = 912E974C250DEA9900C45DDB /* LogsTests.xctest */;
			productType = "com.apple.product-type.bundle.unit-test";
		};
		91C1FC28245DC3A600D54CC1 /* Logs */ = {
			isa = PBXNativeTarget;
			buildConfigurationList = 91C1FC53245DC3A800D54CC1 /* Build configuration list for PBXNativeTarget "Logs" */;
			buildPhases = (
				91C1FC25245DC3A600D54CC1 /* Sources */,
				91C1FC26245DC3A600D54CC1 /* Frameworks */,
				91C1FC27245DC3A600D54CC1 /* Resources */,
				919F6674250CABCC00C7ECDA /* ShellScript */,
			);
			buildRules = (
			);
			dependencies = (
			);
			name = Logs;
			packageProductDependencies = (
			);
			productName = Logs;
			productReference = 91C1FC29245DC3A600D54CC1 /* Logs.app */;
			productType = "com.apple.product-type.application";
		};
/* End PBXNativeTarget section */

/* Begin PBXProject section */
		91C1FC21245DC3A600D54CC1 /* Project object */ = {
			isa = PBXProject;
			attributes = {
				LastSwiftUpdateCheck = 1200;
				LastUpgradeCheck = 1200;
				ORGANIZATIONNAME = manoj.gubba;
				TargetAttributes = {
					912E974B250DEA9900C45DDB = {
						CreatedOnToolsVersion = 12.0;
						TestTargetID = 91C1FC28245DC3A600D54CC1;
					};
					91C1FC28245DC3A600D54CC1 = {
						CreatedOnToolsVersion = 11.4.1;
					};
				};
			};
			buildConfigurationList = 91C1FC24245DC3A600D54CC1 /* Build configuration list for PBXProject "Logs" */;
			compatibilityVersion = "Xcode 9.3";
			developmentRegion = en;
			hasScannedForEncodings = 0;
			knownRegions = (
				en,
				Base,
			);
			mainGroup = 91C1FC20245DC3A600D54CC1;
			packageReferences = (
			);
			productRefGroup = 91C1FC2A245DC3A600D54CC1 /* Products */;
			projectDirPath = "";
			projectRoot = "";
			targets = (
				91C1FC28245DC3A600D54CC1 /* Logs */,
				912E974B250DEA9900C45DDB /* LogsTests */,
			);
		};
/* End PBXProject section */

/* Begin PBXResourcesBuildPhase section */
		912E974A250DEA9900C45DDB /* Resources */ = {
			isa = PBXResourcesBuildPhase;
			buildActionMask = 2147483647;
			files = (
			);
			runOnlyForDeploymentPostprocessing = 0;
		};
		91C1FC27245DC3A600D54CC1 /* Resources */ = {
			isa = PBXResourcesBuildPhase;
			buildActionMask = 2147483647;
			files = (
				919F6676250CACAB00C7ECDA /* .swiftlint.yml in Resources */,
				91C1FC39245DC3A800D54CC1 /* LaunchScreen.storyboard in Resources */,
				91C1FC36245DC3A800D54CC1 /* Assets.xcassets in Resources */,
			);
			runOnlyForDeploymentPostprocessing = 0;
		};
/* End PBXResourcesBuildPhase section */

/* Begin PBXShellScriptBuildPhase section */
		919F6674250CABCC00C7ECDA /* ShellScript */ = {
			isa = PBXShellScriptBuildPhase;
			alwaysOutOfDate = 1;
			buildActionMask = 2147483647;
			files = (
			);
			inputFileListPaths = (
			);
			inputPaths = (
			);
			outputFileListPaths = (
			);
			outputPaths = (
			);
			runOnlyForDeploymentPostprocessing = 0;
			shellPath = /bin/sh;
			shellScript = "if which swiftlint >/dev/null; then\n  swiftlint\nelse\n  echo \"warning: SwiftLint not installed, download from https://github.com/realm/SwiftLint\"\nfi\n";
		};
/* End PBXShellScriptBuildPhase section */

/* Begin PBXSourcesBuildPhase section */
		912E9748250DEA9900C45DDB /* Sources */ = {
			isa = PBXSourcesBuildPhase;
			buildActionMask = 2147483647;
			files = (
				912E974F250DEA9900C45DDB /* LogsTests.swift in Sources */,
			);
			runOnlyForDeploymentPostprocessing = 0;
		};
		91C1FC25245DC3A600D54CC1 /* Sources */ = {
			isa = PBXSourcesBuildPhase;
			buildActionMask = 2147483647;
			files = (
				917C1D022504E0B50010C607 /* AddEntryView.swift in Sources */,
				917C1CFA2504CE840010C607 /* FloatingActionButton.swift in Sources */,
				912E9759250E130000C45DDB /* Page+CoreDataProperties.swift in Sources */,
				912E9745250DE90700C45DDB /* DataEntry+CoreDataClass.swift in Sources */,
				912E9758250E130000C45DDB /* Page+CoreDataClass.swift in Sources */,
				917A3CB9250CB09C00B5A26B /* Logs.xcdatamodeld in Sources */,
				912E973F250DE79400C45DDB /* PageView.swift in Sources */,
				912E9746250DE90700C45DDB /* DataEntry+CoreDataProperties.swift in Sources */,
				91C1FC2D245DC3A600D54CC1 /* AppDelegate.swift in Sources */,
				917A3CCB250CD3AC00B5A26B /* BookView.swift in Sources */,
				91C1FC2F245DC3A600D54CC1 /* SceneDelegate.swift in Sources */,
			);
			runOnlyForDeploymentPostprocessing = 0;
		};
/* End PBXSourcesBuildPhase section */

/* Begin PBXTargetDependency section */
		912E9752250DEA9900C45DDB /* PBXTargetDependency */ = {
			isa = PBXTargetDependency;
			target = 91C1FC28245DC3A600D54CC1 /* Logs */;
			targetProxy = 912E9751250DEA9900C45DDB /* PBXContainerItemProxy */;
		};
/* End PBXTargetDependency section */

/* Begin PBXVariantGroup section */
		91C1FC37245DC3A800D54CC1 /* LaunchScreen.storyboard */ = {
			isa = PBXVariantGroup;
			children = (
				91C1FC38245DC3A800D54CC1 /* Base */,
			);
			name = LaunchScreen.storyboard;
			sourceTree = "<group>";
		};
/* End PBXVariantGroup section */

/* Begin XCBuildConfiguration section */
		912E9754250DEA9900C45DDB /* Debug */ = {
			isa = XCBuildConfiguration;
			buildSettings = {
				BUNDLE_LOADER = "$(TEST_HOST)";
				CODE_SIGN_STYLE = Automatic;
				DEVELOPMENT_TEAM = VXJY792V9W;
				INFOPLIST_FILE = LogsTests/Info.plist;
				IPHONEOS_DEPLOYMENT_TARGET = 14.0;
				LD_RUNPATH_SEARCH_PATHS = (
					"$(inherited)",
					"@executable_path/Frameworks",
					"@loader_path/Frameworks",
				);
				PRODUCT_BUNDLE_IDENTIFIER = com.manoj.LogsTests;
				PRODUCT_NAME = "$(TARGET_NAME)";
				SWIFT_VERSION = 5.0;
				TARGETED_DEVICE_FAMILY = "1,2";
				TEST_HOST = "$(BUILT_PRODUCTS_DIR)/Logs.app/Logs";
			};
			name = Debug;
		};
		912E9755250DEA9900C45DDB /* Release */ = {
			isa = XCBuildConfiguration;
			buildSettings = {
				BUNDLE_LOADER = "$(TEST_HOST)";
				CODE_SIGN_STYLE = Automatic;
				DEVELOPMENT_TEAM = VXJY792V9W;
				INFOPLIST_FILE = LogsTests/Info.plist;
				IPHONEOS_DEPLOYMENT_TARGET = 14.0;
				LD_RUNPATH_SEARCH_PATHS = (
					"$(inherited)",
					"@executable_path/Frameworks",
					"@loader_path/Frameworks",
				);
				PRODUCT_BUNDLE_IDENTIFIER = com.manoj.LogsTests;
				PRODUCT_NAME = "$(TARGET_NAME)";
				SWIFT_VERSION = 5.0;
				TARGETED_DEVICE_FAMILY = "1,2";
				TEST_HOST = "$(BUILT_PRODUCTS_DIR)/Logs.app/Logs";
			};
			name = Release;
		};
		91C1FC51245DC3A800D54CC1 /* Debug */ = {
			isa = XCBuildConfiguration;
			buildSettings = {
				ALWAYS_SEARCH_USER_PATHS = NO;
				CLANG_ANALYZER_NONNULL = YES;
				CLANG_ANALYZER_NUMBER_OBJECT_CONVERSION = YES_AGGRESSIVE;
				CLANG_CXX_LANGUAGE_STANDARD = "gnu++14";
				CLANG_CXX_LIBRARY = "libc++";
				CLANG_ENABLE_MODULES = YES;
				CLANG_ENABLE_OBJC_ARC = YES;
				CLANG_ENABLE_OBJC_WEAK = YES;
				CLANG_WARN_BLOCK_CAPTURE_AUTORELEASING = YES;
				CLANG_WARN_BOOL_CONVERSION = YES;
				CLANG_WARN_COMMA = YES;
				CLANG_WARN_CONSTANT_CONVERSION = YES;
				CLANG_WARN_DEPRECATED_OBJC_IMPLEMENTATIONS = YES;
				CLANG_WARN_DIRECT_OBJC_ISA_USAGE = YES_ERROR;
				CLANG_WARN_DOCUMENTATION_COMMENTS = YES;
				CLANG_WARN_EMPTY_BODY = YES;
				CLANG_WARN_ENUM_CONVERSION = YES;
				CLANG_WARN_INFINITE_RECURSION = YES;
				CLANG_WARN_INT_CONVERSION = YES;
				CLANG_WARN_NON_LITERAL_NULL_CONVERSION = YES;
				CLANG_WARN_OBJC_IMPLICIT_RETAIN_SELF = YES;
				CLANG_WARN_OBJC_LITERAL_CONVERSION = YES;
				CLANG_WARN_OBJC_ROOT_CLASS = YES_ERROR;
				CLANG_WARN_QUOTED_INCLUDE_IN_FRAMEWORK_HEADER = YES;
				CLANG_WARN_RANGE_LOOP_ANALYSIS = YES;
				CLANG_WARN_STRICT_PROTOTYPES = YES;
				CLANG_WARN_SUSPICIOUS_MOVE = YES;
				CLANG_WARN_UNGUARDED_AVAILABILITY = YES_AGGRESSIVE;
				CLANG_WARN_UNREACHABLE_CODE = YES;
				CLANG_WARN__DUPLICATE_METHOD_MATCH = YES;
				COPY_PHASE_STRIP = NO;
				DEBUG_INFORMATION_FORMAT = dwarf;
				ENABLE_STRICT_OBJC_MSGSEND = YES;
				ENABLE_TESTABILITY = YES;
				GCC_C_LANGUAGE_STANDARD = gnu11;
				GCC_DYNAMIC_NO_PIC = NO;
				GCC_NO_COMMON_BLOCKS = YES;
				GCC_OPTIMIZATION_LEVEL = 0;
				GCC_PREPROCESSOR_DEFINITIONS = (
					"DEBUG=1",
					"$(inherited)",
				);
				GCC_WARN_64_TO_32_BIT_CONVERSION = YES;
				GCC_WARN_ABOUT_RETURN_TYPE = YES_ERROR;
				GCC_WARN_UNDECLARED_SELECTOR = YES;
				GCC_WARN_UNINITIALIZED_AUTOS = YES_AGGRESSIVE;
				GCC_WARN_UNUSED_FUNCTION = YES;
				GCC_WARN_UNUSED_VARIABLE = YES;
				IPHONEOS_DEPLOYMENT_TARGET = 13.4;
				MTL_ENABLE_DEBUG_INFO = INCLUDE_SOURCE;
				MTL_FAST_MATH = YES;
				ONLY_ACTIVE_ARCH = YES;
				SDKROOT = iphoneos;
				SWIFT_ACTIVE_COMPILATION_CONDITIONS = DEBUG;
				SWIFT_OPTIMIZATION_LEVEL = "-Onone";
			};
			name = Debug;
		};
		91C1FC52245DC3A800D54CC1 /* Release */ = {
			isa = XCBuildConfiguration;
			buildSettings = {
				ALWAYS_SEARCH_USER_PATHS = NO;
				CLANG_ANALYZER_NONNULL = YES;
				CLANG_ANALYZER_NUMBER_OBJECT_CONVERSION = YES_AGGRESSIVE;
				CLANG_CXX_LANGUAGE_STANDARD = "gnu++14";
				CLANG_CXX_LIBRARY = "libc++";
				CLANG_ENABLE_MODULES = YES;
				CLANG_ENABLE_OBJC_ARC = YES;
				CLANG_ENABLE_OBJC_WEAK = YES;
				CLANG_WARN_BLOCK_CAPTURE_AUTORELEASING = YES;
				CLANG_WARN_BOOL_CONVERSION = YES;
				CLANG_WARN_COMMA = YES;
				CLANG_WARN_CONSTANT_CONVERSION = YES;
				CLANG_WARN_DEPRECATED_OBJC_IMPLEMENTATIONS = YES;
				CLANG_WARN_DIRECT_OBJC_ISA_USAGE = YES_ERROR;
				CLANG_WARN_DOCUMENTATION_COMMENTS = YES;
				CLANG_WARN_EMPTY_BODY = YES;
				CLANG_WARN_ENUM_CONVERSION = YES;
				CLANG_WARN_INFINITE_RECURSION = YES;
				CLANG_WARN_INT_CONVERSION = YES;
				CLANG_WARN_NON_LITERAL_NULL_CONVERSION = YES;
				CLANG_WARN_OBJC_IMPLICIT_RETAIN_SELF = YES;
				CLANG_WARN_OBJC_LITERAL_CONVERSION = YES;
				CLANG_WARN_OBJC_ROOT_CLASS = YES_ERROR;
				CLANG_WARN_QUOTED_INCLUDE_IN_FRAMEWORK_HEADER = YES;
				CLANG_WARN_RANGE_LOOP_ANALYSIS = YES;
				CLANG_WARN_STRICT_PROTOTYPES = YES;
				CLANG_WARN_SUSPICIOUS_MOVE = YES;
				CLANG_WARN_UNGUARDED_AVAILABILITY = YES_AGGRESSIVE;
				CLANG_WARN_UNREACHABLE_CODE = YES;
				CLANG_WARN__DUPLICATE_METHOD_MATCH = YES;
				COPY_PHASE_STRIP = NO;
				DEBUG_INFORMATION_FORMAT = "dwarf-with-dsym";
				ENABLE_NS_ASSERTIONS = NO;
				ENABLE_STRICT_OBJC_MSGSEND = YES;
				GCC_C_LANGUAGE_STANDARD = gnu11;
				GCC_NO_COMMON_BLOCKS = YES;
				GCC_WARN_64_TO_32_BIT_CONVERSION = YES;
				GCC_WARN_ABOUT_RETURN_TYPE = YES_ERROR;
				GCC_WARN_UNDECLARED_SELECTOR = YES;
				GCC_WARN_UNINITIALIZED_AUTOS = YES_AGGRESSIVE;
				GCC_WARN_UNUSED_FUNCTION = YES;
				GCC_WARN_UNUSED_VARIABLE = YES;
				IPHONEOS_DEPLOYMENT_TARGET = 13.4;
				MTL_ENABLE_DEBUG_INFO = NO;
				MTL_FAST_MATH = YES;
				SDKROOT = iphoneos;
				SWIFT_COMPILATION_MODE = wholemodule;
				SWIFT_OPTIMIZATION_LEVEL = "-O";
				VALIDATE_PRODUCT = YES;
			};
			name = Release;
		};
		91C1FC54245DC3A800D54CC1 /* Debug */ = {
			isa = XCBuildConfiguration;
			buildSettings = {
				ASSETCATALOG_COMPILER_APPICON_NAME = AppIcon;
				CODE_SIGN_STYLE = Automatic;
				DEVELOPMENT_TEAM = VXJY792V9W;
				INFOPLIST_FILE = Logs/Info.plist;
				IPHONEOS_DEPLOYMENT_TARGET = 13.0;
				LD_RUNPATH_SEARCH_PATHS = (
					"$(inherited)",
					"@executable_path/Frameworks",
				);
				PRODUCT_BUNDLE_IDENTIFIER = com.manoj.Logs;
				PRODUCT_NAME = "$(TARGET_NAME)";
				SWIFT_VERSION = 5.0;
				TARGETED_DEVICE_FAMILY = "1,2";
			};
			name = Debug;
		};
		91C1FC55245DC3A800D54CC1 /* Release */ = {
			isa = XCBuildConfiguration;
			buildSettings = {
				ASSETCATALOG_COMPILER_APPICON_NAME = AppIcon;
				CODE_SIGN_STYLE = Automatic;
				DEVELOPMENT_TEAM = VXJY792V9W;
				INFOPLIST_FILE = Logs/Info.plist;
				IPHONEOS_DEPLOYMENT_TARGET = 13.0;
				LD_RUNPATH_SEARCH_PATHS = (
					"$(inherited)",
					"@executable_path/Frameworks",
				);
				PRODUCT_BUNDLE_IDENTIFIER = com.manoj.Logs;
				PRODUCT_NAME = "$(TARGET_NAME)";
				SWIFT_VERSION = 5.0;
				TARGETED_DEVICE_FAMILY = "1,2";
			};
			name = Release;
		};
/* End XCBuildConfiguration section */

/* Begin XCConfigurationList section */
		912E9753250DEA9900C45DDB /* Build configuration list for PBXNativeTarget "LogsTests" */ = {
			isa = XCConfigurationList;
			buildConfigurations = (
				912E9754250DEA9900C45DDB /* Debug */,
				912E9755250DEA9900C45DDB /* Release */,
			);
			defaultConfigurationIsVisible = 0;
			defaultConfigurationName = Release;
		};
		91C1FC24245DC3A600D54CC1 /* Build configuration list for PBXProject "Logs" */ = {
			isa = XCConfigurationList;
			buildConfigurations = (
				91C1FC51245DC3A800D54CC1 /* Debug */,
				91C1FC52245DC3A800D54CC1 /* Release */,
			);
			defaultConfigurationIsVisible = 0;
			defaultConfigurationName = Release;
		};
		91C1FC53245DC3A800D54CC1 /* Build configuration list for PBXNativeTarget "Logs" */ = {
			isa = XCConfigurationList;
			buildConfigurations = (
				91C1FC54245DC3A800D54CC1 /* Debug */,
				91C1FC55245DC3A800D54CC1 /* Release */,
			);
			defaultConfigurationIsVisible = 0;
			defaultConfigurationName = Release;
		};
/* End XCConfigurationList section */

/* Begin XCVersionGroup section */
		917A3CB7250CB09C00B5A26B /* Logs.xcdatamodeld */ = {
			isa = XCVersionGroup;
			children = (
				917A3CB8250CB09C00B5A26B /* Logs.xcdatamodel */,
			);
			currentVersion = 917A3CB8250CB09C00B5A26B /* Logs.xcdatamodel */;
			name = Logs.xcdatamodeld;
			path = Logs/Models/Logs.xcdatamodeld;
			sourceTree = SOURCE_ROOT;
			versionGroupType = wrapper.xcdatamodel;
		};
/* End XCVersionGroup section */
	};
	rootObject = 91C1FC21245DC3A600D54CC1 /* Project object */;
}
