// !$*UTF8*$!
{
	archiveVersion = 1;
	classes = {
	};
	objectVersion = 52;
	objects = {

/* Begin PBXBuildFile section */
		91C1FC2D245DC3A600D54CC1 /* AppDelegate.swift in Sources */ = {isa = PBXBuildFile; fileRef = 91C1FC2C245DC3A600D54CC1 /* AppDelegate.swift */; };
		91C1FC2F245DC3A600D54CC1 /* SceneDelegate.swift in Sources */ = {isa = PBXBuildFile; fileRef = 91C1FC2E245DC3A600D54CC1 /* SceneDelegate.swift */; };
		91C1FC31245DC3A600D54CC1 /* RootViewController.swift in Sources */ = {isa = PBXBuildFile; fileRef = 91C1FC30245DC3A600D54CC1 /* RootViewController.swift */; };
		91C1FC36245DC3A800D54CC1 /* Assets.xcassets in Resources */ = {isa = PBXBuildFile; fileRef = 91C1FC35245DC3A800D54CC1 /* Assets.xcassets */; };
		91C1FC39245DC3A800D54CC1 /* LaunchScreen.storyboard in Resources */ = {isa = PBXBuildFile; fileRef = 91C1FC37245DC3A800D54CC1 /* LaunchScreen.storyboard */; };
		91C1FC44245DC3A800D54CC1 /* LogsTests.swift in Sources */ = {isa = PBXBuildFile; fileRef = 91C1FC43245DC3A800D54CC1 /* LogsTests.swift */; };
		91C1FC4F245DC3A800D54CC1 /* LogsUITests.swift in Sources */ = {isa = PBXBuildFile; fileRef = 91C1FC4E245DC3A800D54CC1 /* LogsUITests.swift */; };
		91C1FC5E245DDA0300D54CC1 /* EasyPeasy in Frameworks */ = {isa = PBXBuildFile; productRef = 91C1FC5D245DDA0300D54CC1 /* EasyPeasy */; };
		91C1FC60245DE2B700D54CC1 /* RootView.swift in Sources */ = {isa = PBXBuildFile; fileRef = 91C1FC5F245DE2B700D54CC1 /* RootView.swift */; };
/* End PBXBuildFile section */

/* Begin PBXContainerItemProxy section */
		91C1FC40245DC3A800D54CC1 /* PBXContainerItemProxy */ = {
			isa = PBXContainerItemProxy;
			containerPortal = 91C1FC21245DC3A600D54CC1 /* Project object */;
			proxyType = 1;
			remoteGlobalIDString = 91C1FC28245DC3A600D54CC1;
			remoteInfo = Logs;
		};
		91C1FC4B245DC3A800D54CC1 /* PBXContainerItemProxy */ = {
			isa = PBXContainerItemProxy;
			containerPortal = 91C1FC21245DC3A600D54CC1 /* Project object */;
			proxyType = 1;
			remoteGlobalIDString = 91C1FC28245DC3A600D54CC1;
			remoteInfo = Logs;
		};
/* End PBXContainerItemProxy section */

/* Begin PBXFileReference section */
		91C1FC29245DC3A600D54CC1 /* Logs.app */ = {isa = PBXFileReference; explicitFileType = wrapper.application; includeInIndex = 0; path = Logs.app; sourceTree = BUILT_PRODUCTS_DIR; };
		91C1FC2C245DC3A600D54CC1 /* AppDelegate.swift */ = {isa = PBXFileReference; lastKnownFileType = sourcecode.swift; path = AppDelegate.swift; sourceTree = "<group>"; };
		91C1FC2E245DC3A600D54CC1 /* SceneDelegate.swift */ = {isa = PBXFileReference; lastKnownFileType = sourcecode.swift; path = SceneDelegate.swift; sourceTree = "<group>"; };
		91C1FC30245DC3A600D54CC1 /* RootViewController.swift */ = {isa = PBXFileReference; lastKnownFileType = sourcecode.swift; path = RootViewController.swift; sourceTree = "<group>"; };
		91C1FC35245DC3A800D54CC1 /* Assets.xcassets */ = {isa = PBXFileReference; lastKnownFileType = folder.assetcatalog; path = Assets.xcassets; sourceTree = "<group>"; };
		91C1FC38245DC3A800D54CC1 /* Base */ = {isa = PBXFileReference; lastKnownFileType = file.storyboard; name = Base; path = Base.lproj/LaunchScreen.storyboard; sourceTree = "<group>"; };
		91C1FC3A245DC3A800D54CC1 /* Info.plist */ = {isa = PBXFileReference; lastKnownFileType = text.plist.xml; path = Info.plist; sourceTree = "<group>"; };
		91C1FC3F245DC3A800D54CC1 /* LogsTests.xctest */ = {isa = PBXFileReference; explicitFileType = wrapper.cfbundle; includeInIndex = 0; path = LogsTests.xctest; sourceTree = BUILT_PRODUCTS_DIR; };
		91C1FC43245DC3A800D54CC1 /* LogsTests.swift */ = {isa = PBXFileReference; lastKnownFileType = sourcecode.swift; path = LogsTests.swift; sourceTree = "<group>"; };
		91C1FC45245DC3A800D54CC1 /* Info.plist */ = {isa = PBXFileReference; lastKnownFileType = text.plist.xml; path = Info.plist; sourceTree = "<group>"; };
		91C1FC4A245DC3A800D54CC1 /* LogsUITests.xctest */ = {isa = PBXFileReference; explicitFileType = wrapper.cfbundle; includeInIndex = 0; path = LogsUITests.xctest; sourceTree = BUILT_PRODUCTS_DIR; };
		91C1FC4E245DC3A800D54CC1 /* LogsUITests.swift */ = {isa = PBXFileReference; lastKnownFileType = sourcecode.swift; path = LogsUITests.swift; sourceTree = "<group>"; };
		91C1FC50245DC3A800D54CC1 /* Info.plist */ = {isa = PBXFileReference; lastKnownFileType = text.plist.xml; path = Info.plist; sourceTree = "<group>"; };
		91C1FC5F245DE2B700D54CC1 /* RootView.swift */ = {isa = PBXFileReference; lastKnownFileType = sourcecode.swift; path = RootView.swift; sourceTree = "<group>"; };
/* End PBXFileReference section */

/* Begin PBXFrameworksBuildPhase section */
		91C1FC26245DC3A600D54CC1 /* Frameworks */ = {
			isa = PBXFrameworksBuildPhase;
			buildActionMask = 2147483647;
			files = (
				91C1FC5E245DDA0300D54CC1 /* EasyPeasy in Frameworks */,
			);
			runOnlyForDeploymentPostprocessing = 0;
		};
		91C1FC3C245DC3A800D54CC1 /* Frameworks */ = {
			isa = PBXFrameworksBuildPhase;
			buildActionMask = 2147483647;
			files = (
			);
			runOnlyForDeploymentPostprocessing = 0;
		};
		91C1FC47245DC3A800D54CC1 /* Frameworks */ = {
			isa = PBXFrameworksBuildPhase;
			buildActionMask = 2147483647;
			files = (
			);
			runOnlyForDeploymentPostprocessing = 0;
		};
/* End PBXFrameworksBuildPhase section */

/* Begin PBXGroup section */
		91C1FC20245DC3A600D54CC1 = {
			isa = PBXGroup;
			children = (
				91C1FC2B245DC3A600D54CC1 /* Logs */,
				91C1FC42245DC3A800D54CC1 /* LogsTests */,
				91C1FC4D245DC3A800D54CC1 /* LogsUITests */,
				91C1FC2A245DC3A600D54CC1 /* Products */,
			);
			sourceTree = "<group>";
		};
		91C1FC2A245DC3A600D54CC1 /* Products */ = {
			isa = PBXGroup;
			children = (
				91C1FC29245DC3A600D54CC1 /* Logs.app */,
				91C1FC3F245DC3A800D54CC1 /* LogsTests.xctest */,
				91C1FC4A245DC3A800D54CC1 /* LogsUITests.xctest */,
			);
			name = Products;
			sourceTree = "<group>";
		};
		91C1FC2B245DC3A600D54CC1 /* Logs */ = {
			isa = PBXGroup;
			children = (
				91C1FC2C245DC3A600D54CC1 /* AppDelegate.swift */,
				91C1FC2E245DC3A600D54CC1 /* SceneDelegate.swift */,
				91C1FC30245DC3A600D54CC1 /* RootViewController.swift */,
				91C1FC5F245DE2B700D54CC1 /* RootView.swift */,
				91C1FC35245DC3A800D54CC1 /* Assets.xcassets */,
				91C1FC37245DC3A800D54CC1 /* LaunchScreen.storyboard */,
				91C1FC3A245DC3A800D54CC1 /* Info.plist */,
			);
			path = Logs;
			sourceTree = "<group>";
		};
		91C1FC42245DC3A800D54CC1 /* LogsTests */ = {
			isa = PBXGroup;
			children = (
				91C1FC43245DC3A800D54CC1 /* LogsTests.swift */,
				91C1FC45245DC3A800D54CC1 /* Info.plist */,
			);
			path = LogsTests;
			sourceTree = "<group>";
		};
		91C1FC4D245DC3A800D54CC1 /* LogsUITests */ = {
			isa = PBXGroup;
			children = (
				91C1FC4E245DC3A800D54CC1 /* LogsUITests.swift */,
				91C1FC50245DC3A800D54CC1 /* Info.plist */,
			);
			path = LogsUITests;
			sourceTree = "<group>";
		};
/* End PBXGroup section */

/* Begin PBXNativeTarget section */
		91C1FC28245DC3A600D54CC1 /* Logs */ = {
			isa = PBXNativeTarget;
			buildConfigurationList = 91C1FC53245DC3A800D54CC1 /* Build configuration list for PBXNativeTarget "Logs" */;
			buildPhases = (
				91C1FC25245DC3A600D54CC1 /* Sources */,
				91C1FC26245DC3A600D54CC1 /* Frameworks */,
				91C1FC27245DC3A600D54CC1 /* Resources */,
			);
			buildRules = (
			);
			dependencies = (
			);
			name = Logs;
			packageProductDependencies = (
				91C1FC5D245DDA0300D54CC1 /* EasyPeasy */,
			);
			productName = Logs;
			productReference = 91C1FC29245DC3A600D54CC1 /* Logs.app */;
			productType = "com.apple.product-type.application";
		};
		91C1FC3E245DC3A800D54CC1 /* LogsTests */ = {
			isa = PBXNativeTarget;
			buildConfigurationList = 91C1FC56245DC3A800D54CC1 /* Build configuration list for PBXNativeTarget "LogsTests" */;
			buildPhases = (
				91C1FC3B245DC3A800D54CC1 /* Sources */,
				91C1FC3C245DC3A800D54CC1 /* Frameworks */,
				91C1FC3D245DC3A800D54CC1 /* Resources */,
			);
			buildRules = (
			);
			dependencies = (
				91C1FC41245DC3A800D54CC1 /* PBXTargetDependency */,
			);
			name = LogsTests;
			productName = LogsTests;
			productReference = 91C1FC3F245DC3A800D54CC1 /* LogsTests.xctest */;
			productType = "com.apple.product-type.bundle.unit-test";
		};
		91C1FC49245DC3A800D54CC1 /* LogsUITests */ = {
			isa = PBXNativeTarget;
			buildConfigurationList = 91C1FC59245DC3A800D54CC1 /* Build configuration list for PBXNativeTarget "LogsUITests" */;
			buildPhases = (
				91C1FC46245DC3A800D54CC1 /* Sources */,
				91C1FC47245DC3A800D54CC1 /* Frameworks */,
				91C1FC48245DC3A800D54CC1 /* Resources */,
			);
			buildRules = (
			);
			dependencies = (
				91C1FC4C245DC3A800D54CC1 /* PBXTargetDependency */,
			);
			name = LogsUITests;
			productName = LogsUITests;
			productReference = 91C1FC4A245DC3A800D54CC1 /* LogsUITests.xctest */;
			productType = "com.apple.product-type.bundle.ui-testing";
		};
/* End PBXNativeTarget section */

/* Begin PBXProject section */
		91C1FC21245DC3A600D54CC1 /* Project object */ = {
			isa = PBXProject;
			attributes = {
				LastSwiftUpdateCheck = 1140;
				LastUpgradeCheck = 1140;
				ORGANIZATIONNAME = manoj.gubba;
				TargetAttributes = {
					91C1FC28245DC3A600D54CC1 = {
						CreatedOnToolsVersion = 11.4.1;
					};
					91C1FC3E245DC3A800D54CC1 = {
						CreatedOnToolsVersion = 11.4.1;
						TestTargetID = 91C1FC28245DC3A600D54CC1;
					};
					91C1FC49245DC3A800D54CC1 = {
						CreatedOnToolsVersion = 11.4.1;
						TestTargetID = 91C1FC28245DC3A600D54CC1;
					};
				};
			};
			buildConfigurationList = 91C1FC24245DC3A600D54CC1 /* Build configuration list for PBXProject "Logs" */;
			compatibilityVersion = "Xcode 9.3";
			developmentRegion = en;
			hasScannedForEncodings = 0;
			knownRegions = (
				en,
				Base,
			);
			mainGroup = 91C1FC20245DC3A600D54CC1;
			packageReferences = (
				91C1FC5C245DDA0300D54CC1 /* XCRemoteSwiftPackageReference "EasyPeasy" */,
			);
			productRefGroup = 91C1FC2A245DC3A600D54CC1 /* Products */;
			projectDirPath = "";
			projectRoot = "";
			targets = (
				91C1FC28245DC3A600D54CC1 /* Logs */,
				91C1FC3E245DC3A800D54CC1 /* LogsTests */,
				91C1FC49245DC3A800D54CC1 /* LogsUITests */,
			);
		};
/* End PBXProject section */

/* Begin PBXResourcesBuildPhase section */
		91C1FC27245DC3A600D54CC1 /* Resources */ = {
			isa = PBXResourcesBuildPhase;
			buildActionMask = 2147483647;
			files = (
				91C1FC39245DC3A800D54CC1 /* LaunchScreen.storyboard in Resources */,
				91C1FC36245DC3A800D54CC1 /* Assets.xcassets in Resources */,
			);
			runOnlyForDeploymentPostprocessing = 0;
		};
		91C1FC3D245DC3A800D54CC1 /* Resources */ = {
			isa = PBXResourcesBuildPhase;
			buildActionMask = 2147483647;
			files = (
			);
			runOnlyForDeploymentPostprocessing = 0;
		};
		91C1FC48245DC3A800D54CC1 /* Resources */ = {
			isa = PBXResourcesBuildPhase;
			buildActionMask = 2147483647;
			files = (
			);
			runOnlyForDeploymentPostprocessing = 0;
		};
/* End PBXResourcesBuildPhase section */

/* Begin PBXSourcesBuildPhase section */
		91C1FC25245DC3A600D54CC1 /* Sources */ = {
			isa = PBXSourcesBuildPhase;
			buildActionMask = 2147483647;
			files = (
				91C1FC60245DE2B700D54CC1 /* RootView.swift in Sources */,
				91C1FC31245DC3A600D54CC1 /* RootViewController.swift in Sources */,
				91C1FC2D245DC3A600D54CC1 /* AppDelegate.swift in Sources */,
				91C1FC2F245DC3A600D54CC1 /* SceneDelegate.swift in Sources */,
			);
			runOnlyForDeploymentPostprocessing = 0;
		};
		91C1FC3B245DC3A800D54CC1 /* Sources */ = {
			isa = PBXSourcesBuildPhase;
			buildActionMask = 2147483647;
			files = (
				91C1FC44245DC3A800D54CC1 /* LogsTests.swift in Sources */,
			);
			runOnlyForDeploymentPostprocessing = 0;
		};
		91C1FC46245DC3A800D54CC1 /* Sources */ = {
			isa = PBXSourcesBuildPhase;
			buildActionMask = 2147483647;
			files = (
				91C1FC4F245DC3A800D54CC1 /* LogsUITests.swift in Sources */,
			);
			runOnlyForDeploymentPostprocessing = 0;
		};
/* End PBXSourcesBuildPhase section */

/* Begin PBXTargetDependency section */
		91C1FC41245DC3A800D54CC1 /* PBXTargetDependency */ = {
			isa = PBXTargetDependency;
			target = 91C1FC28245DC3A600D54CC1 /* Logs */;
			targetProxy = 91C1FC40245DC3A800D54CC1 /* PBXContainerItemProxy */;
		};
		91C1FC4C245DC3A800D54CC1 /* PBXTargetDependency */ = {
			isa = PBXTargetDependency;
			target = 91C1FC28245DC3A600D54CC1 /* Logs */;
			targetProxy = 91C1FC4B245DC3A800D54CC1 /* PBXContainerItemProxy */;
		};
/* End PBXTargetDependency section */

/* Begin PBXVariantGroup section */
		91C1FC37245DC3A800D54CC1 /* LaunchScreen.storyboard */ = {
			isa = PBXVariantGroup;
			children = (
				91C1FC38245DC3A800D54CC1 /* Base */,
			);
			name = LaunchScreen.storyboard;
			sourceTree = "<group>";
		};
/* End PBXVariantGroup section */

/* Begin XCBuildConfiguration section */
		91C1FC51245DC3A800D54CC1 /* Debug */ = {
			isa = XCBuildConfiguration;
			buildSettings = {
				ALWAYS_SEARCH_USER_PATHS = NO;
				CLANG_ANALYZER_NONNULL = YES;
				CLANG_ANALYZER_NUMBER_OBJECT_CONVERSION = YES_AGGRESSIVE;
				CLANG_CXX_LANGUAGE_STANDARD = "gnu++14";
				CLANG_CXX_LIBRARY = "libc++";
				CLANG_ENABLE_MODULES = YES;
				CLANG_ENABLE_OBJC_ARC = YES;
				CLANG_ENABLE_OBJC_WEAK = YES;
				CLANG_WARN_BLOCK_CAPTURE_AUTORELEASING = YES;
				CLANG_WARN_BOOL_CONVERSION = YES;
				CLANG_WARN_COMMA = YES;
				CLANG_WARN_CONSTANT_CONVERSION = YES;
				CLANG_WARN_DEPRECATED_OBJC_IMPLEMENTATIONS = YES;
				CLANG_WARN_DIRECT_OBJC_ISA_USAGE = YES_ERROR;
				CLANG_WARN_DOCUMENTATION_COMMENTS = YES;
				CLANG_WARN_EMPTY_BODY = YES;
				CLANG_WARN_ENUM_CONVERSION = YES;
				CLANG_WARN_INFINITE_RECURSION = YES;
				CLANG_WARN_INT_CONVERSION = YES;
				CLANG_WARN_NON_LITERAL_NULL_CONVERSION = YES;
				CLANG_WARN_OBJC_IMPLICIT_RETAIN_SELF = YES;
				CLANG_WARN_OBJC_LITERAL_CONVERSION = YES;
				CLANG_WARN_OBJC_ROOT_CLASS = YES_ERROR;
				CLANG_WARN_RANGE_LOOP_ANALYSIS = YES;
				CLANG_WARN_STRICT_PROTOTYPES = YES;
				CLANG_WARN_SUSPICIOUS_MOVE = YES;
				CLANG_WARN_UNGUARDED_AVAILABILITY = YES_AGGRESSIVE;
				CLANG_WARN_UNREACHABLE_CODE = YES;
				CLANG_WARN__DUPLICATE_METHOD_MATCH = YES;
				COPY_PHASE_STRIP = NO;
				DEBUG_INFORMATION_FORMAT = dwarf;
				ENABLE_STRICT_OBJC_MSGSEND = YES;
				ENABLE_TESTABILITY = YES;
				GCC_C_LANGUAGE_STANDARD = gnu11;
				GCC_DYNAMIC_NO_PIC = NO;
				GCC_NO_COMMON_BLOCKS = YES;
				GCC_OPTIMIZATION_LEVEL = 0;
				GCC_PREPROCESSOR_DEFINITIONS = (
					"DEBUG=1",
					"$(inherited)",
				);
				GCC_WARN_64_TO_32_BIT_CONVERSION = YES;
				GCC_WARN_ABOUT_RETURN_TYPE = YES_ERROR;
				GCC_WARN_UNDECLARED_SELECTOR = YES;
				GCC_WARN_UNINITIALIZED_AUTOS = YES_AGGRESSIVE;
				GCC_WARN_UNUSED_FUNCTION = YES;
				GCC_WARN_UNUSED_VARIABLE = YES;
				IPHONEOS_DEPLOYMENT_TARGET = 13.4;
				MTL_ENABLE_DEBUG_INFO = INCLUDE_SOURCE;
				MTL_FAST_MATH = YES;
				ONLY_ACTIVE_ARCH = YES;
				SDKROOT = iphoneos;
				SWIFT_ACTIVE_COMPILATION_CONDITIONS = DEBUG;
				SWIFT_OPTIMIZATION_LEVEL = "-Onone";
			};
			name = Debug;
		};
		91C1FC52245DC3A800D54CC1 /* Release */ = {
			isa = XCBuildConfiguration;
			buildSettings = {
				ALWAYS_SEARCH_USER_PATHS = NO;
				CLANG_ANALYZER_NONNULL = YES;
				CLANG_ANALYZER_NUMBER_OBJECT_CONVERSION = YES_AGGRESSIVE;
				CLANG_CXX_LANGUAGE_STANDARD = "gnu++14";
				CLANG_CXX_LIBRARY = "libc++";
				CLANG_ENABLE_MODULES = YES;
				CLANG_ENABLE_OBJC_ARC = YES;
				CLANG_ENABLE_OBJC_WEAK = YES;
				CLANG_WARN_BLOCK_CAPTURE_AUTORELEASING = YES;
				CLANG_WARN_BOOL_CONVERSION = YES;
				CLANG_WARN_COMMA = YES;
				CLANG_WARN_CONSTANT_CONVERSION = YES;
				CLANG_WARN_DEPRECATED_OBJC_IMPLEMENTATIONS = YES;
				CLANG_WARN_DIRECT_OBJC_ISA_USAGE = YES_ERROR;
				CLANG_WARN_DOCUMENTATION_COMMENTS = YES;
				CLANG_WARN_EMPTY_BODY = YES;
				CLANG_WARN_ENUM_CONVERSION = YES;
				CLANG_WARN_INFINITE_RECURSION = YES;
				CLANG_WARN_INT_CONVERSION = YES;
				CLANG_WARN_NON_LITERAL_NULL_CONVERSION = YES;
				CLANG_WARN_OBJC_IMPLICIT_RETAIN_SELF = YES;
				CLANG_WARN_OBJC_LITERAL_CONVERSION = YES;
				CLANG_WARN_OBJC_ROOT_CLASS = YES_ERROR;
				CLANG_WARN_RANGE_LOOP_ANALYSIS = YES;
				CLANG_WARN_STRICT_PROTOTYPES = YES;
				CLANG_WARN_SUSPICIOUS_MOVE = YES;
				CLANG_WARN_UNGUARDED_AVAILABILITY = YES_AGGRESSIVE;
				CLANG_WARN_UNREACHABLE_CODE = YES;
				CLANG_WARN__DUPLICATE_METHOD_MATCH = YES;
				COPY_PHASE_STRIP = NO;
				DEBUG_INFORMATION_FORMAT = "dwarf-with-dsym";
				ENABLE_NS_ASSERTIONS = NO;
				ENABLE_STRICT_OBJC_MSGSEND = YES;
				GCC_C_LANGUAGE_STANDARD = gnu11;
				GCC_NO_COMMON_BLOCKS = YES;
				GCC_WARN_64_TO_32_BIT_CONVERSION = YES;
				GCC_WARN_ABOUT_RETURN_TYPE = YES_ERROR;
				GCC_WARN_UNDECLARED_SELECTOR = YES;
				GCC_WARN_UNINITIALIZED_AUTOS = YES_AGGRESSIVE;
				GCC_WARN_UNUSED_FUNCTION = YES;
				GCC_WARN_UNUSED_VARIABLE = YES;
				IPHONEOS_DEPLOYMENT_TARGET = 13.4;
				MTL_ENABLE_DEBUG_INFO = NO;
				MTL_FAST_MATH = YES;
				SDKROOT = iphoneos;
				SWIFT_COMPILATION_MODE = wholemodule;
				SWIFT_OPTIMIZATION_LEVEL = "-O";
				VALIDATE_PRODUCT = YES;
			};
			name = Release;
		};
		91C1FC54245DC3A800D54CC1 /* Debug */ = {
			isa = XCBuildConfiguration;
			buildSettings = {
				ASSETCATALOG_COMPILER_APPICON_NAME = AppIcon;
				CODE_SIGN_STYLE = Automatic;
				DEVELOPMENT_TEAM = VXJY792V9W;
				INFOPLIST_FILE = Logs/Info.plist;
				LD_RUNPATH_SEARCH_PATHS = (
					"$(inherited)",
					"@executable_path/Frameworks",
				);
				PRODUCT_BUNDLE_IDENTIFIER = com.manoj.Logs;
				PRODUCT_NAME = "$(TARGET_NAME)";
				SWIFT_VERSION = 5.0;
				TARGETED_DEVICE_FAMILY = "1,2";
			};
			name = Debug;
		};
		91C1FC55245DC3A800D54CC1 /* Release */ = {
			isa = XCBuildConfiguration;
			buildSettings = {
				ASSETCATALOG_COMPILER_APPICON_NAME = AppIcon;
				CODE_SIGN_STYLE = Automatic;
				DEVELOPMENT_TEAM = VXJY792V9W;
				INFOPLIST_FILE = Logs/Info.plist;
				LD_RUNPATH_SEARCH_PATHS = (
					"$(inherited)",
					"@executable_path/Frameworks",
				);
				PRODUCT_BUNDLE_IDENTIFIER = com.manoj.Logs;
				PRODUCT_NAME = "$(TARGET_NAME)";
				SWIFT_VERSION = 5.0;
				TARGETED_DEVICE_FAMILY = "1,2";
			};
			name = Release;
		};
		91C1FC57245DC3A800D54CC1 /* Debug */ = {
			isa = XCBuildConfiguration;
			buildSettings = {
				ALWAYS_EMBED_SWIFT_STANDARD_LIBRARIES = YES;
				BUNDLE_LOADER = "$(TEST_HOST)";
				CODE_SIGN_STYLE = Automatic;
				DEVELOPMENT_TEAM = VXJY792V9W;
				INFOPLIST_FILE = LogsTests/Info.plist;
				IPHONEOS_DEPLOYMENT_TARGET = 13.4;
				LD_RUNPATH_SEARCH_PATHS = (
					"$(inherited)",
					"@executable_path/Frameworks",
					"@loader_path/Frameworks",
				);
				PRODUCT_BUNDLE_IDENTIFIER = com.manoj.LogsTests;
				PRODUCT_NAME = "$(TARGET_NAME)";
				SWIFT_VERSION = 5.0;
				TARGETED_DEVICE_FAMILY = "1,2";
				TEST_HOST = "$(BUILT_PRODUCTS_DIR)/Logs.app/Logs";
			};
			name = Debug;
		};
		91C1FC58245DC3A800D54CC1 /* Release */ = {
			isa = XCBuildConfiguration;
			buildSettings = {
				ALWAYS_EMBED_SWIFT_STANDARD_LIBRARIES = YES;
				BUNDLE_LOADER = "$(TEST_HOST)";
				CODE_SIGN_STYLE = Automatic;
				DEVELOPMENT_TEAM = VXJY792V9W;
				INFOPLIST_FILE = LogsTests/Info.plist;
				IPHONEOS_DEPLOYMENT_TARGET = 13.4;
				LD_RUNPATH_SEARCH_PATHS = (
					"$(inherited)",
					"@executable_path/Frameworks",
					"@loader_path/Frameworks",
				);
				PRODUCT_BUNDLE_IDENTIFIER = com.manoj.LogsTests;
				PRODUCT_NAME = "$(TARGET_NAME)";
				SWIFT_VERSION = 5.0;
				TARGETED_DEVICE_FAMILY = "1,2";
				TEST_HOST = "$(BUILT_PRODUCTS_DIR)/Logs.app/Logs";
			};
			name = Release;
		};
		91C1FC5A245DC3A800D54CC1 /* Debug */ = {
			isa = XCBuildConfiguration;
			buildSettings = {
				ALWAYS_EMBED_SWIFT_STANDARD_LIBRARIES = YES;
				CODE_SIGN_STYLE = Automatic;
				DEVELOPMENT_TEAM = VXJY792V9W;
				INFOPLIST_FILE = LogsUITests/Info.plist;
				LD_RUNPATH_SEARCH_PATHS = (
					"$(inherited)",
					"@executable_path/Frameworks",
					"@loader_path/Frameworks",
				);
				PRODUCT_BUNDLE_IDENTIFIER = com.manoj.LogsUITests;
				PRODUCT_NAME = "$(TARGET_NAME)";
				SWIFT_VERSION = 5.0;
				TARGETED_DEVICE_FAMILY = "1,2";
				TEST_TARGET_NAME = Logs;
			};
			name = Debug;
		};
		91C1FC5B245DC3A800D54CC1 /* Release */ = {
			isa = XCBuildConfiguration;
			buildSettings = {
				ALWAYS_EMBED_SWIFT_STANDARD_LIBRARIES = YES;
				CODE_SIGN_STYLE = Automatic;
				DEVELOPMENT_TEAM = VXJY792V9W;
				INFOPLIST_FILE = LogsUITests/Info.plist;
				LD_RUNPATH_SEARCH_PATHS = (
					"$(inherited)",
					"@executable_path/Frameworks",
					"@loader_path/Frameworks",
				);
				PRODUCT_BUNDLE_IDENTIFIER = com.manoj.LogsUITests;
				PRODUCT_NAME = "$(TARGET_NAME)";
				SWIFT_VERSION = 5.0;
				TARGETED_DEVICE_FAMILY = "1,2";
				TEST_TARGET_NAME = Logs;
			};
			name = Release;
		};
/* End XCBuildConfiguration section */

/* Begin XCConfigurationList section */
		91C1FC24245DC3A600D54CC1 /* Build configuration list for PBXProject "Logs" */ = {
			isa = XCConfigurationList;
			buildConfigurations = (
				91C1FC51245DC3A800D54CC1 /* Debug */,
				91C1FC52245DC3A800D54CC1 /* Release */,
			);
			defaultConfigurationIsVisible = 0;
			defaultConfigurationName = Release;
		};
		91C1FC53245DC3A800D54CC1 /* Build configuration list for PBXNativeTarget "Logs" */ = {
			isa = XCConfigurationList;
			buildConfigurations = (
				91C1FC54245DC3A800D54CC1 /* Debug */,
				91C1FC55245DC3A800D54CC1 /* Release */,
			);
			defaultConfigurationIsVisible = 0;
			defaultConfigurationName = Release;
		};
		91C1FC56245DC3A800D54CC1 /* Build configuration list for PBXNativeTarget "LogsTests" */ = {
			isa = XCConfigurationList;
			buildConfigurations = (
				91C1FC57245DC3A800D54CC1 /* Debug */,
				91C1FC58245DC3A800D54CC1 /* Release */,
			);
			defaultConfigurationIsVisible = 0;
			defaultConfigurationName = Release;
		};
		91C1FC59245DC3A800D54CC1 /* Build configuration list for PBXNativeTarget "LogsUITests" */ = {
			isa = XCConfigurationList;
			buildConfigurations = (
				91C1FC5A245DC3A800D54CC1 /* Debug */,
				91C1FC5B245DC3A800D54CC1 /* Release */,
			);
			defaultConfigurationIsVisible = 0;
			defaultConfigurationName = Release;
		};
/* End XCConfigurationList section */

/* Begin XCRemoteSwiftPackageReference section */
		91C1FC5C245DDA0300D54CC1 /* XCRemoteSwiftPackageReference "EasyPeasy" */ = {
			isa = XCRemoteSwiftPackageReference;
			repositoryURL = "git@github.com:nakiostudio/EasyPeasy.git";
			requirement = {
				kind = upToNextMajorVersion;
				minimumVersion = 1.9.2;
			};
		};
/* End XCRemoteSwiftPackageReference section */

/* Begin XCSwiftPackageProductDependency section */
		91C1FC5D245DDA0300D54CC1 /* EasyPeasy */ = {
			isa = XCSwiftPackageProductDependency;
			package = 91C1FC5C245DDA0300D54CC1 /* XCRemoteSwiftPackageReference "EasyPeasy" */;
			productName = EasyPeasy;
		};
/* End XCSwiftPackageProductDependency section */
	};
	rootObject = 91C1FC21245DC3A600D54CC1 /* Project object */;
}
