// !$*UTF8*$!
{
	archiveVersion = 1;
	classes = {
	};
	objectVersion = 52;
	objects = {

/* Begin PBXBuildFile section */
		917C1CF72504C61E0010C607 /* DataEntry.swift in Sources */ = {isa = PBXBuildFile; fileRef = 917C1CF62504C61E0010C607 /* DataEntry.swift */; };
		917C1CFA2504CE840010C607 /* FloatingActionButton.swift in Sources */ = {isa = PBXBuildFile; fileRef = 917C1CF92504CE840010C607 /* FloatingActionButton.swift */; };
		917C1CFC2504CF3C0010C607 /* ViewGenerator.swift in Sources */ = {isa = PBXBuildFile; fileRef = 917C1CFB2504CF3C0010C607 /* ViewGenerator.swift */; };
		917C1CFE2504D2AC0010C607 /* DataEntryList.swift in Sources */ = {isa = PBXBuildFile; fileRef = 917C1CFD2504D2AC0010C607 /* DataEntryList.swift */; };
		917C1D022504E0B50010C607 /* AddEntryView.swift in Sources */ = {isa = PBXBuildFile; fileRef = 917C1D012504E0B50010C607 /* AddEntryView.swift */; };
		917C1D052504E3570010C607 /* Introspect in Frameworks */ = {isa = PBXBuildFile; productRef = 917C1D042504E3570010C607 /* Introspect */; };
		91C1FC2D245DC3A600D54CC1 /* AppDelegate.swift in Sources */ = {isa = PBXBuildFile; fileRef = 91C1FC2C245DC3A600D54CC1 /* AppDelegate.swift */; };
		91C1FC2F245DC3A600D54CC1 /* SceneDelegate.swift in Sources */ = {isa = PBXBuildFile; fileRef = 91C1FC2E245DC3A600D54CC1 /* SceneDelegate.swift */; };
		91C1FC31245DC3A600D54CC1 /* RootViewController.swift in Sources */ = {isa = PBXBuildFile; fileRef = 91C1FC30245DC3A600D54CC1 /* RootViewController.swift */; };
		91C1FC36245DC3A800D54CC1 /* Assets.xcassets in Resources */ = {isa = PBXBuildFile; fileRef = 91C1FC35245DC3A800D54CC1 /* Assets.xcassets */; };
		91C1FC39245DC3A800D54CC1 /* LaunchScreen.storyboard in Resources */ = {isa = PBXBuildFile; fileRef = 91C1FC37245DC3A800D54CC1 /* LaunchScreen.storyboard */; };
		91C1FC5E245DDA0300D54CC1 /* EasyPeasy in Frameworks */ = {isa = PBXBuildFile; productRef = 91C1FC5D245DDA0300D54CC1 /* EasyPeasy */; };
		91C1FC60245DE2B700D54CC1 /* RootView.swift in Sources */ = {isa = PBXBuildFile; fileRef = 91C1FC5F245DE2B700D54CC1 /* RootView.swift */; };
		91C1FC64245FD72600D54CC1 /* BaseView.swift in Sources */ = {isa = PBXBuildFile; fileRef = 91C1FC63245FD72600D54CC1 /* BaseView.swift */; };
/* End PBXBuildFile section */

/* Begin PBXFileReference section */
		917C1CF62504C61E0010C607 /* DataEntry.swift */ = {isa = PBXFileReference; lastKnownFileType = sourcecode.swift; path = DataEntry.swift; sourceTree = "<group>"; };
		917C1CF92504CE840010C607 /* FloatingActionButton.swift */ = {isa = PBXFileReference; lastKnownFileType = sourcecode.swift; path = FloatingActionButton.swift; sourceTree = "<group>"; };
		917C1CFB2504CF3C0010C607 /* ViewGenerator.swift */ = {isa = PBXFileReference; lastKnownFileType = sourcecode.swift; path = ViewGenerator.swift; sourceTree = "<group>"; };
		917C1CFD2504D2AC0010C607 /* DataEntryList.swift */ = {isa = PBXFileReference; lastKnownFileType = sourcecode.swift; path = DataEntryList.swift; sourceTree = "<group>"; };
		917C1D012504E0B50010C607 /* AddEntryView.swift */ = {isa = PBXFileReference; lastKnownFileType = sourcecode.swift; path = AddEntryView.swift; sourceTree = "<group>"; };
		91C1FC29245DC3A600D54CC1 /* Logs.app */ = {isa = PBXFileReference; explicitFileType = wrapper.application; includeInIndex = 0; path = Logs.app; sourceTree = BUILT_PRODUCTS_DIR; };
		91C1FC2C245DC3A600D54CC1 /* AppDelegate.swift */ = {isa = PBXFileReference; lastKnownFileType = sourcecode.swift; path = AppDelegate.swift; sourceTree = "<group>"; };
		91C1FC2E245DC3A600D54CC1 /* SceneDelegate.swift */ = {isa = PBXFileReference; lastKnownFileType = sourcecode.swift; path = SceneDelegate.swift; sourceTree = "<group>"; };
		91C1FC30245DC3A600D54CC1 /* RootViewController.swift */ = {isa = PBXFileReference; lastKnownFileType = sourcecode.swift; path = RootViewController.swift; sourceTree = "<group>"; };
		91C1FC35245DC3A800D54CC1 /* Assets.xcassets */ = {isa = PBXFileReference; lastKnownFileType = folder.assetcatalog; path = Assets.xcassets; sourceTree = "<group>"; };
		91C1FC38245DC3A800D54CC1 /* Base */ = {isa = PBXFileReference; lastKnownFileType = file.storyboard; name = Base; path = Base.lproj/LaunchScreen.storyboard; sourceTree = "<group>"; };
		91C1FC3A245DC3A800D54CC1 /* Info.plist */ = {isa = PBXFileReference; lastKnownFileType = text.plist.xml; path = Info.plist; sourceTree = "<group>"; };
		91C1FC5F245DE2B700D54CC1 /* RootView.swift */ = {isa = PBXFileReference; lastKnownFileType = sourcecode.swift; path = RootView.swift; sourceTree = "<group>"; };
		91C1FC63245FD72600D54CC1 /* BaseView.swift */ = {isa = PBXFileReference; lastKnownFileType = sourcecode.swift; path = BaseView.swift; sourceTree = "<group>"; };
/* End PBXFileReference section */

/* Begin PBXFrameworksBuildPhase section */
		91C1FC26245DC3A600D54CC1 /* Frameworks */ = {
			isa = PBXFrameworksBuildPhase;
			buildActionMask = 2147483647;
			files = (
				91C1FC5E245DDA0300D54CC1 /* EasyPeasy in Frameworks */,
				917C1D052504E3570010C607 /* Introspect in Frameworks */,
			);
			runOnlyForDeploymentPostprocessing = 0;
		};
/* End PBXFrameworksBuildPhase section */

/* Begin PBXGroup section */
		917C1CF52504C60E0010C607 /* Model */ = {
			isa = PBXGroup;
			children = (
				917C1CF62504C61E0010C607 /* DataEntry.swift */,
			);
			path = Model;
			sourceTree = "<group>";
		};
		917C1CF82504CE740010C607 /* Views */ = {
			isa = PBXGroup;
			children = (
				917C1CF92504CE840010C607 /* FloatingActionButton.swift */,
				917C1CFD2504D2AC0010C607 /* DataEntryList.swift */,
				917C1D012504E0B50010C607 /* AddEntryView.swift */,
			);
			path = Views;
			sourceTree = "<group>";
		};
		91C1FC20245DC3A600D54CC1 = {
			isa = PBXGroup;
			children = (
				91C1FC2B245DC3A600D54CC1 /* Logs */,
				91C1FC2A245DC3A600D54CC1 /* Products */,
			);
			sourceTree = "<group>";
		};
		91C1FC2A245DC3A600D54CC1 /* Products */ = {
			isa = PBXGroup;
			children = (
				91C1FC29245DC3A600D54CC1 /* Logs.app */,
			);
			name = Products;
			sourceTree = "<group>";
		};
		91C1FC2B245DC3A600D54CC1 /* Logs */ = {
			isa = PBXGroup;
			children = (
				917C1CF82504CE740010C607 /* Views */,
				917C1CF52504C60E0010C607 /* Model */,
				91C1FC2C245DC3A600D54CC1 /* AppDelegate.swift */,
				91C1FC2E245DC3A600D54CC1 /* SceneDelegate.swift */,
				91C1FC5F245DE2B700D54CC1 /* RootView.swift */,
				91C1FC30245DC3A600D54CC1 /* RootViewController.swift */,
				91C1FC63245FD72600D54CC1 /* BaseView.swift */,
				91C1FC35245DC3A800D54CC1 /* Assets.xcassets */,
				91C1FC37245DC3A800D54CC1 /* LaunchScreen.storyboard */,
				91C1FC3A245DC3A800D54CC1 /* Info.plist */,
				917C1CFB2504CF3C0010C607 /* ViewGenerator.swift */,
			);
			path = Logs;
			sourceTree = "<group>";
		};
/* End PBXGroup section */

/* Begin PBXNativeTarget section */
		91C1FC28245DC3A600D54CC1 /* Logs */ = {
			isa = PBXNativeTarget;
			buildConfigurationList = 91C1FC53245DC3A800D54CC1 /* Build configuration list for PBXNativeTarget "Logs" */;
			buildPhases = (
				91C1FC25245DC3A600D54CC1 /* Sources */,
				91C1FC26245DC3A600D54CC1 /* Frameworks */,
				91C1FC27245DC3A600D54CC1 /* Resources */,
			);
			buildRules = (
			);
			dependencies = (
			);
			name = Logs;
			packageProductDependencies = (
				91C1FC5D245DDA0300D54CC1 /* EasyPeasy */,
				917C1D042504E3570010C607 /* Introspect */,
			);
			productName = Logs;
			productReference = 91C1FC29245DC3A600D54CC1 /* Logs.app */;
			productType = "com.apple.product-type.application";
		};
/* End PBXNativeTarget section */

/* Begin PBXProject section */
		91C1FC21245DC3A600D54CC1 /* Project object */ = {
			isa = PBXProject;
			attributes = {
				LastSwiftUpdateCheck = 1140;
				LastUpgradeCheck = 1140;
				ORGANIZATIONNAME = manoj.gubba;
				TargetAttributes = {
					91C1FC28245DC3A600D54CC1 = {
						CreatedOnToolsVersion = 11.4.1;
					};
				};
			};
			buildConfigurationList = 91C1FC24245DC3A600D54CC1 /* Build configuration list for PBXProject "Logs" */;
			compatibilityVersion = "Xcode 9.3";
			developmentRegion = en;
			hasScannedForEncodings = 0;
			knownRegions = (
				en,
				Base,
			);
			mainGroup = 91C1FC20245DC3A600D54CC1;
			packageReferences = (
				91C1FC5C245DDA0300D54CC1 /* XCRemoteSwiftPackageReference "EasyPeasy" */,
				917C1D032504E3570010C607 /* XCRemoteSwiftPackageReference "SwiftUI-Introspect" */,
			);
			productRefGroup = 91C1FC2A245DC3A600D54CC1 /* Products */;
			projectDirPath = "";
			projectRoot = "";
			targets = (
				91C1FC28245DC3A600D54CC1 /* Logs */,
			);
		};
/* End PBXProject section */

/* Begin PBXResourcesBuildPhase section */
		91C1FC27245DC3A600D54CC1 /* Resources */ = {
			isa = PBXResourcesBuildPhase;
			buildActionMask = 2147483647;
			files = (
				91C1FC39245DC3A800D54CC1 /* LaunchScreen.storyboard in Resources */,
				91C1FC36245DC3A800D54CC1 /* Assets.xcassets in Resources */,
			);
			runOnlyForDeploymentPostprocessing = 0;
		};
/* End PBXResourcesBuildPhase section */

/* Begin PBXSourcesBuildPhase section */
		91C1FC25245DC3A600D54CC1 /* Sources */ = {
			isa = PBXSourcesBuildPhase;
			buildActionMask = 2147483647;
			files = (
				917C1CFC2504CF3C0010C607 /* ViewGenerator.swift in Sources */,
				917C1D022504E0B50010C607 /* AddEntryView.swift in Sources */,
				917C1CF72504C61E0010C607 /* DataEntry.swift in Sources */,
				91C1FC60245DE2B700D54CC1 /* RootView.swift in Sources */,
				917C1CFA2504CE840010C607 /* FloatingActionButton.swift in Sources */,
				91C1FC31245DC3A600D54CC1 /* RootViewController.swift in Sources */,
				91C1FC2D245DC3A600D54CC1 /* AppDelegate.swift in Sources */,
				917C1CFE2504D2AC0010C607 /* DataEntryList.swift in Sources */,
				91C1FC64245FD72600D54CC1 /* BaseView.swift in Sources */,
				91C1FC2F245DC3A600D54CC1 /* SceneDelegate.swift in Sources */,
			);
			runOnlyForDeploymentPostprocessing = 0;
		};
/* End PBXSourcesBuildPhase section */

/* Begin PBXVariantGroup section */
		91C1FC37245DC3A800D54CC1 /* LaunchScreen.storyboard */ = {
			isa = PBXVariantGroup;
			children = (
				91C1FC38245DC3A800D54CC1 /* Base */,
			);
			name = LaunchScreen.storyboard;
			sourceTree = "<group>";
		};
/* End PBXVariantGroup section */

/* Begin XCBuildConfiguration section */
		91C1FC51245DC3A800D54CC1 /* Debug */ = {
			isa = XCBuildConfiguration;
			buildSettings = {
				ALWAYS_SEARCH_USER_PATHS = NO;
				CLANG_ANALYZER_NONNULL = YES;
				CLANG_ANALYZER_NUMBER_OBJECT_CONVERSION = YES_AGGRESSIVE;
				CLANG_CXX_LANGUAGE_STANDARD = "gnu++14";
				CLANG_CXX_LIBRARY = "libc++";
				CLANG_ENABLE_MODULES = YES;
				CLANG_ENABLE_OBJC_ARC = YES;
				CLANG_ENABLE_OBJC_WEAK = YES;
				CLANG_WARN_BLOCK_CAPTURE_AUTORELEASING = YES;
				CLANG_WARN_BOOL_CONVERSION = YES;
				CLANG_WARN_COMMA = YES;
				CLANG_WARN_CONSTANT_CONVERSION = YES;
				CLANG_WARN_DEPRECATED_OBJC_IMPLEMENTATIONS = YES;
				CLANG_WARN_DIRECT_OBJC_ISA_USAGE = YES_ERROR;
				CLANG_WARN_DOCUMENTATION_COMMENTS = YES;
				CLANG_WARN_EMPTY_BODY = YES;
				CLANG_WARN_ENUM_CONVERSION = YES;
				CLANG_WARN_INFINITE_RECURSION = YES;
				CLANG_WARN_INT_CONVERSION = YES;
				CLANG_WARN_NON_LITERAL_NULL_CONVERSION = YES;
				CLANG_WARN_OBJC_IMPLICIT_RETAIN_SELF = YES;
				CLANG_WARN_OBJC_LITERAL_CONVERSION = YES;
				CLANG_WARN_OBJC_ROOT_CLASS = YES_ERROR;
				CLANG_WARN_RANGE_LOOP_ANALYSIS = YES;
				CLANG_WARN_STRICT_PROTOTYPES = YES;
				CLANG_WARN_SUSPICIOUS_MOVE = YES;
				CLANG_WARN_UNGUARDED_AVAILABILITY = YES_AGGRESSIVE;
				CLANG_WARN_UNREACHABLE_CODE = YES;
				CLANG_WARN__DUPLICATE_METHOD_MATCH = YES;
				COPY_PHASE_STRIP = NO;
				DEBUG_INFORMATION_FORMAT = dwarf;
				ENABLE_STRICT_OBJC_MSGSEND = YES;
				ENABLE_TESTABILITY = YES;
				GCC_C_LANGUAGE_STANDARD = gnu11;
				GCC_DYNAMIC_NO_PIC = NO;
				GCC_NO_COMMON_BLOCKS = YES;
				GCC_OPTIMIZATION_LEVEL = 0;
				GCC_PREPROCESSOR_DEFINITIONS = (
					"DEBUG=1",
					"$(inherited)",
				);
				GCC_WARN_64_TO_32_BIT_CONVERSION = YES;
				GCC_WARN_ABOUT_RETURN_TYPE = YES_ERROR;
				GCC_WARN_UNDECLARED_SELECTOR = YES;
				GCC_WARN_UNINITIALIZED_AUTOS = YES_AGGRESSIVE;
				GCC_WARN_UNUSED_FUNCTION = YES;
				GCC_WARN_UNUSED_VARIABLE = YES;
				IPHONEOS_DEPLOYMENT_TARGET = 13.4;
				MTL_ENABLE_DEBUG_INFO = INCLUDE_SOURCE;
				MTL_FAST_MATH = YES;
				ONLY_ACTIVE_ARCH = YES;
				SDKROOT = iphoneos;
				SWIFT_ACTIVE_COMPILATION_CONDITIONS = DEBUG;
				SWIFT_OPTIMIZATION_LEVEL = "-Onone";
			};
			name = Debug;
		};
		91C1FC52245DC3A800D54CC1 /* Release */ = {
			isa = XCBuildConfiguration;
			buildSettings = {
				ALWAYS_SEARCH_USER_PATHS = NO;
				CLANG_ANALYZER_NONNULL = YES;
				CLANG_ANALYZER_NUMBER_OBJECT_CONVERSION = YES_AGGRESSIVE;
				CLANG_CXX_LANGUAGE_STANDARD = "gnu++14";
				CLANG_CXX_LIBRARY = "libc++";
				CLANG_ENABLE_MODULES = YES;
				CLANG_ENABLE_OBJC_ARC = YES;
				CLANG_ENABLE_OBJC_WEAK = YES;
				CLANG_WARN_BLOCK_CAPTURE_AUTORELEASING = YES;
				CLANG_WARN_BOOL_CONVERSION = YES;
				CLANG_WARN_COMMA = YES;
				CLANG_WARN_CONSTANT_CONVERSION = YES;
				CLANG_WARN_DEPRECATED_OBJC_IMPLEMENTATIONS = YES;
				CLANG_WARN_DIRECT_OBJC_ISA_USAGE = YES_ERROR;
				CLANG_WARN_DOCUMENTATION_COMMENTS = YES;
				CLANG_WARN_EMPTY_BODY = YES;
				CLANG_WARN_ENUM_CONVERSION = YES;
				CLANG_WARN_INFINITE_RECURSION = YES;
				CLANG_WARN_INT_CONVERSION = YES;
				CLANG_WARN_NON_LITERAL_NULL_CONVERSION = YES;
				CLANG_WARN_OBJC_IMPLICIT_RETAIN_SELF = YES;
				CLANG_WARN_OBJC_LITERAL_CONVERSION = YES;
				CLANG_WARN_OBJC_ROOT_CLASS = YES_ERROR;
				CLANG_WARN_RANGE_LOOP_ANALYSIS = YES;
				CLANG_WARN_STRICT_PROTOTYPES = YES;
				CLANG_WARN_SUSPICIOUS_MOVE = YES;
				CLANG_WARN_UNGUARDED_AVAILABILITY = YES_AGGRESSIVE;
				CLANG_WARN_UNREACHABLE_CODE = YES;
				CLANG_WARN__DUPLICATE_METHOD_MATCH = YES;
				COPY_PHASE_STRIP = NO;
				DEBUG_INFORMATION_FORMAT = "dwarf-with-dsym";
				ENABLE_NS_ASSERTIONS = NO;
				ENABLE_STRICT_OBJC_MSGSEND = YES;
				GCC_C_LANGUAGE_STANDARD = gnu11;
				GCC_NO_COMMON_BLOCKS = YES;
				GCC_WARN_64_TO_32_BIT_CONVERSION = YES;
				GCC_WARN_ABOUT_RETURN_TYPE = YES_ERROR;
				GCC_WARN_UNDECLARED_SELECTOR = YES;
				GCC_WARN_UNINITIALIZED_AUTOS = YES_AGGRESSIVE;
				GCC_WARN_UNUSED_FUNCTION = YES;
				GCC_WARN_UNUSED_VARIABLE = YES;
				IPHONEOS_DEPLOYMENT_TARGET = 13.4;
				MTL_ENABLE_DEBUG_INFO = NO;
				MTL_FAST_MATH = YES;
				SDKROOT = iphoneos;
				SWIFT_COMPILATION_MODE = wholemodule;
				SWIFT_OPTIMIZATION_LEVEL = "-O";
				VALIDATE_PRODUCT = YES;
			};
			name = Release;
		};
		91C1FC54245DC3A800D54CC1 /* Debug */ = {
			isa = XCBuildConfiguration;
			buildSettings = {
				ASSETCATALOG_COMPILER_APPICON_NAME = AppIcon;
				CODE_SIGN_STYLE = Automatic;
				DEVELOPMENT_TEAM = VXJY792V9W;
				INFOPLIST_FILE = Logs/Info.plist;
				IPHONEOS_DEPLOYMENT_TARGET = 13.0;
				LD_RUNPATH_SEARCH_PATHS = (
					"$(inherited)",
					"@executable_path/Frameworks",
				);
				PRODUCT_BUNDLE_IDENTIFIER = com.manoj.Logs;
				PRODUCT_NAME = "$(TARGET_NAME)";
				SWIFT_VERSION = 5.0;
				TARGETED_DEVICE_FAMILY = "1,2";
			};
			name = Debug;
		};
		91C1FC55245DC3A800D54CC1 /* Release */ = {
			isa = XCBuildConfiguration;
			buildSettings = {
				ASSETCATALOG_COMPILER_APPICON_NAME = AppIcon;
				CODE_SIGN_STYLE = Automatic;
				DEVELOPMENT_TEAM = VXJY792V9W;
				INFOPLIST_FILE = Logs/Info.plist;
				IPHONEOS_DEPLOYMENT_TARGET = 13.0;
				LD_RUNPATH_SEARCH_PATHS = (
					"$(inherited)",
					"@executable_path/Frameworks",
				);
				PRODUCT_BUNDLE_IDENTIFIER = com.manoj.Logs;
				PRODUCT_NAME = "$(TARGET_NAME)";
				SWIFT_VERSION = 5.0;
				TARGETED_DEVICE_FAMILY = "1,2";
			};
			name = Release;
		};
/* End XCBuildConfiguration section */

/* Begin XCConfigurationList section */
		91C1FC24245DC3A600D54CC1 /* Build configuration list for PBXProject "Logs" */ = {
			isa = XCConfigurationList;
			buildConfigurations = (
				91C1FC51245DC3A800D54CC1 /* Debug */,
				91C1FC52245DC3A800D54CC1 /* Release */,
			);
			defaultConfigurationIsVisible = 0;
			defaultConfigurationName = Release;
		};
		91C1FC53245DC3A800D54CC1 /* Build configuration list for PBXNativeTarget "Logs" */ = {
			isa = XCConfigurationList;
			buildConfigurations = (
				91C1FC54245DC3A800D54CC1 /* Debug */,
				91C1FC55245DC3A800D54CC1 /* Release */,
			);
			defaultConfigurationIsVisible = 0;
			defaultConfigurationName = Release;
		};
/* End XCConfigurationList section */

/* Begin XCRemoteSwiftPackageReference section */
		917C1D032504E3570010C607 /* XCRemoteSwiftPackageReference "SwiftUI-Introspect" */ = {
			isa = XCRemoteSwiftPackageReference;
			repositoryURL = "git@github.com:siteline/SwiftUI-Introspect.git";
			requirement = {
				kind = upToNextMajorVersion;
				minimumVersion = 0.1.0;
			};
		};
		91C1FC5C245DDA0300D54CC1 /* XCRemoteSwiftPackageReference "EasyPeasy" */ = {
			isa = XCRemoteSwiftPackageReference;
			repositoryURL = "git@github.com:nakiostudio/EasyPeasy.git";
			requirement = {
				kind = upToNextMajorVersion;
				minimumVersion = 1.9.2;
			};
		};
/* End XCRemoteSwiftPackageReference section */

/* Begin XCSwiftPackageProductDependency section */
		917C1D042504E3570010C607 /* Introspect */ = {
			isa = XCSwiftPackageProductDependency;
			package = 917C1D032504E3570010C607 /* XCRemoteSwiftPackageReference "SwiftUI-Introspect" */;
			productName = Introspect;
		};
		91C1FC5D245DDA0300D54CC1 /* EasyPeasy */ = {
			isa = XCSwiftPackageProductDependency;
			package = 91C1FC5C245DDA0300D54CC1 /* XCRemoteSwiftPackageReference "EasyPeasy" */;
			productName = EasyPeasy;
		};
/* End XCSwiftPackageProductDependency section */
	};
	rootObject = 91C1FC21245DC3A600D54CC1 /* Project object */;
}
